Microsoft Visual Studio Solution File, Format Version 12.00
# Visual Studio Version 17
VisualStudioVersion = 17.5.2.0
MinimumVisualStudioVersion = 10.0.40219.1
Project("{FAE04EC0-301F-11D3-BF4B-00C04F79EFBC}") = "MqttExperiments", "MqttExperiments.csproj", "{818EEB37-98FC-88B7-C39C-EA0C642F5D6D}"
EndProject
Global
	GlobalSection(SolutionConfigurationPlatforms) = preSolution
		Debug|Any CPU = Debug|Any CPU
		Release|Any CPU = Release|Any CPU
	EndGlobalSection
	GlobalSection(ProjectConfigurationPlatforms) = postSolution
		{818EEB37-98FC-88B7-C39C-EA0C642F5D6D}.Debug|Any CPU.ActiveCfg = Debug|Any CPU
		{818EEB37-98FC-88B7-C39C-EA0C642F5D6D}.Debug|Any CPU.Build.0 = Debug|Any CPU
		{818EEB37-98FC-88B7-C39C-EA0C642F5D6D}.Release|Any CPU.ActiveCfg = Release|Any CPU
		{818EEB37-98FC-88B7-C39C-EA0C642F5D6D}.Release|Any CPU.Build.0 = Release|Any CPU
	EndGlobalSection
	GlobalSection(SolutionProperties) = preSolution
		HideSolutionNode = FALSE
	EndGlobalSection
	GlobalSection(ExtensibilityGlobals) = postSolution
		SolutionGuid = {A8837534-1560-4524-B485-02B6ADF0C4CD}
	EndGlobalSection
EndGlobal
